
Microsoft Visual Studio Solution File, Format Version 12.00
# Visual Studio Version 17
VisualStudioVersion = 17.13.35931.197
MinimumVisualStudioVersion = 10.0.40219.1
Project("{FAE04EC0-301F-11D3-BF4B-00C04F79EFBC}") = "LycheeLib.Island", "LycheeLib.Island\LycheeLib.Island.csproj", "{CE154007-9C63-402C-A289-38D62593366F}"
EndProject
Project("{FAE04EC0-301F-11D3-BF4B-00C04F79EFBC}") = "LycheeLib", "LycheeLib\LycheeLib.csproj", "{52B701C4-9BCE-4530-A242-B4019C50E8E6}"
EndProject
Project("{FAE04EC0-301F-11D3-BF4B-00C04F79EFBC}") = "LycheeLib.Interface", "LycheeLib.Interface\LycheeLib.Interface.csproj", "{219DBD14-0F83-4196-9044-04DFB2B250D6}"
EndProject
Project("{FAE04EC0-301F-11D3-BF4B-00C04F79EFBC}") = "LycheeLib.Debugger", "LycheeLib.Debugger\LycheeLib.Debugger.csproj", "{B1CF22EC-4721-4885-ADDA-6E9E634CE07C}"
EndProject
Project("{FAE04EC0-301F-11D3-BF4B-00C04F79EFBC}") = "LycheeIslandLyrics", "LycheeIslandLyrics\LycheeIslandLyrics.csproj", "{5DE4838E-EB60-41B9-82AD-8CA28D813DB7}"
EndProject
Global
	GlobalSection(SolutionConfigurationPlatforms) = preSolution
		Debug|Any CPU = Debug|Any CPU
		Release|Any CPU = Release|Any CPU
	EndGlobalSection
	GlobalSection(ProjectConfigurationPlatforms) = postSolution
		{CE154007-9C63-402C-A289-38D62593366F}.Debug|Any CPU.ActiveCfg = Debug|Any CPU
		{CE154007-9C63-402C-A289-38D62593366F}.Debug|Any CPU.Build.0 = Debug|Any CPU
		{CE154007-9C63-402C-A289-38D62593366F}.Release|Any CPU.ActiveCfg = Release|Any CPU
		{CE154007-9C63-402C-A289-38D62593366F}.Release|Any CPU.Build.0 = Release|Any CPU
		{52B701C4-9BCE-4530-A242-B4019C50E8E6}.Debug|Any CPU.ActiveCfg = Debug|Any CPU
		{52B701C4-9BCE-4530-A242-B4019C50E8E6}.Debug|Any CPU.Build.0 = Debug|Any CPU
		{52B701C4-9BCE-4530-A242-B4019C50E8E6}.Release|Any CPU.ActiveCfg = Release|Any CPU
		{52B701C4-9BCE-4530-A242-B4019C50E8E6}.Release|Any CPU.Build.0 = Release|Any CPU
		{219DBD14-0F83-4196-9044-04DFB2B250D6}.Debug|Any CPU.ActiveCfg = Debug|Any CPU
		{219DBD14-0F83-4196-9044-04DFB2B250D6}.Debug|Any CPU.Build.0 = Debug|Any CPU
		{219DBD14-0F83-4196-9044-04DFB2B250D6}.Release|Any CPU.ActiveCfg = Release|Any CPU
		{219DBD14-0F83-4196-9044-04DFB2B250D6}.Release|Any CPU.Build.0 = Release|Any CPU
		{B1CF22EC-4721-4885-ADDA-6E9E634CE07C}.Debug|Any CPU.ActiveCfg = Debug|Any CPU
		{B1CF22EC-4721-4885-ADDA-6E9E634CE07C}.Debug|Any CPU.Build.0 = Debug|Any CPU
		{B1CF22EC-4721-4885-ADDA-6E9E634CE07C}.Release|Any CPU.ActiveCfg = Release|Any CPU
		{B1CF22EC-4721-4885-ADDA-6E9E634CE07C}.Release|Any CPU.Build.0 = Release|Any CPU
		{5DE4838E-EB60-41B9-82AD-8CA28D813DB7}.Debug|Any CPU.ActiveCfg = Debug|Any CPU
		{5DE4838E-EB60-41B9-82AD-8CA28D813DB7}.Debug|Any CPU.Build.0 = Debug|Any CPU
		{5DE4838E-EB60-41B9-82AD-8CA28D813DB7}.Release|Any CPU.ActiveCfg = Release|Any CPU
		{5DE4838E-EB60-41B9-82AD-8CA28D813DB7}.Release|Any CPU.Build.0 = Release|Any CPU
	EndGlobalSection
	GlobalSection(SolutionProperties) = preSolution
		HideSolutionNode = FALSE
	EndGlobalSection
	GlobalSection(ExtensibilityGlobals) = postSolution
		SolutionGuid = {D1DDF6E0-D351-4307-AA3D-DCAB07BAC929}
	EndGlobalSection
EndGlobal
